#MicroXplorer Configuration settings - do not modify
Mcu.Family=STM32L4
ProjectManager.MainLocation=Core/Src
STMicroelectronics.X-CUBE-AI.5.2.00.BSP.semaphore=
USB_DEVICE.CLASS_NAME_FS=CUSTOM_HID
RCC.USART1Freq_Value=120000000
RCC.OCTOSPIMFreq_Value=120000000
RCC.SAI1Freq_Value=48000000
USART2.IPParameters=VirtualMode-Asynchronous
RCC.CortexFreq_Value=120000000
STMicroelectronics.X-CUBE-AI.5.2.0.ModelNameList=facerecognition
ProjectManager.KeepUserCode=true
Mcu.UserName=STM32L4S5VITx
RCC.PLLSAI1RoutputFreq_Value=48000000
PC5.Locked=true
VP_USB_DEVICE_VS_USB_DEVICE_CUSTOM_HID_FS.Mode=CUSTOM_HID_FS
ProjectManager.functionlistsort=1-MX_GPIO_Init-GPIO-false-HAL-true,2-SystemClock_Config-RCC-false-HAL-false,3-MX_CRC_Init-CRC-false-HAL-true,4-MX_USART1_UART_Init-USART1-true-HAL-false,5-MX_USART2_UART_Init-USART2-false-HAL-true,6-MX_USART3_UART_Init-USART3-false-HAL-true,7-MX_X_CUBE_AI_Init-STMicroelectronics.X-CUBE-AI.5.2.0-false-HAL-false,8-MX_X_CUBE_AI_Process-STMicroelectronics.X-CUBE-AI.5.2.0-false-HAL-false
STMicroelectronics.X-CUBE-AI.5.2.0.ArtificialOoIntelligenceJjXAaCUBEAaAI_Checked=true
PA11.Mode=Device_Only
RCC.PLLSAI2QoutputFreq_Value=16000000
PD6.Locked=true
RCC.USART2Freq_Value=120000000
STMicroelectronics.X-CUBE-AI.5.2.0.InternalRamActivationBufferMaxSize=AI_FACERECOGNITION_DATA_ACTIVATIONS_SIZE
PC5.Mode=Asynchronous
USART1.IPParameters=VirtualMode-Asynchronous
PinOutPanel.RotationAngle=0
RCC.MCO1PinFreq_Value=120000000
RCC.SYSCLKSource=RCC_SYSCLKSOURCE_PLLCLK
ProjectManager.StackSize=0x800
RCC.VCOInput3Freq_Value=4000000
STMicroelectronics.X-CUBE-AI.5.2.00.BSP.ip=USART
USART3.VirtualMode-Asynchronous=VM_ASYNC
RCC.LPTIM1Freq_Value=120000000
RCC.I2C3Freq_Value=120000000
Mcu.IP4=USART1
RCC.FCLKCortexFreq_Value=120000000
Mcu.IP5=USART2
NVIC.SVCall_IRQn=true\:0\:0\:false\:false\:true\:false\:false
Mcu.IP2=RCC
Mcu.IP3=SYS
Mcu.IP0=CRC
PA14\ (JTCK/SWCLK).Signal=SYS_JTCK-SWCLK
Mcu.IP1=NVIC
PA12.Signal=USB_OTG_FS_DP
STMicroelectronics.X-CUBE-AI.5.2.0.StackSize=0x800
STMicroelectronics.X-CUBE-AI.5.2.0.BSP.number=1
Mcu.UserConstants=
USB_DEVICE.PID_CUSTOMHID_FS=22356
RCC.VCOSAI1OutputFreq_Value=96000000
VP_STMicroelectronics.X-CUBE-AI_VS_ArtificialOoIntelligenceJjApplication_5.2.0.Mode=ArtificialOoIntelligenceJjApplication
RCC.LCDTFTFreq_Value=8000000
RCC.SDMMCFreq_Value=120000000
STMicroelectronics.X-CUBE-AI.5.2.0.ModelKind-57205cee56151e1c0a283a2a62cd4b6de0b4b6cf8705b7b73c384d1767aa8df9=TFLITE
Mcu.ThirdPartyNb=1
RCC.HCLKFreq_Value=120000000
RCC.I2C4Freq_Value=120000000
Mcu.IPNb=9
ProjectManager.PreviousToolchain=STM32CubeIDE
RCC.APB2TimFreq_Value=120000000
PB6.Signal=USART1_TX
PB6.Mode=Asynchronous
Mcu.Pin6=PA14 (JTCK/SWCLK)
RCC.SAI2Freq_Value=48000000
Mcu.Pin7=PD5
Mcu.Pin8=PD6
STMicroelectronics.X-CUBE-AI.5.2.00.BSP.solution=USART1
Mcu.Pin9=PB6
STMicroelectronics.X-CUBE-AI.5.2.0.HeapSize=0xc00
RCC.AHBFreq_Value=120000000
Mcu.Pin0=PC4
Mcu.Pin1=PC5
PD5.Mode=Asynchronous
GPIO.groupedBy=Group By Peripherals
Mcu.Pin2=PB14
Mcu.Pin3=PA11
RCC.USART3Freq_Value=120000000
Mcu.Pin4=PA12
Mcu.Pin5=PA13 (JTMS/SWDIO)
STMicroelectronics.X-CUBE-AI.5.2.0.ModelHashList=57205cee56151e1c0a283a2a62cd4b6de0b4b6cf8705b7b73c384d1767aa8df9
ProjectManager.ProjectBuild=false
RCC.HSE_VALUE=8000000
NVIC.UsageFault_IRQn=true\:0\:0\:false\:false\:true\:false\:false
NVIC.DebugMonitor_IRQn=true\:0\:0\:false\:false\:true\:false\:false
USART2.VirtualMode-Asynchronous=VM_ASYNC
NVIC.SysTick_IRQn=true\:0\:0\:false\:false\:true\:false\:true
ProjectManager.FirmwarePackage=STM32Cube FW_L4 V1.16.0
MxDb.Version=DB.6.0.10
Mcu.ThirdParty0=STMicroelectronics.X-CUBE-AI.5.2.0
ProjectManager.BackupPrevious=false
RCC.VCOInputFreq_Value=4000000
File.Version=6
STMicroelectronics.X-CUBE-AI.5.2.0.ModelCompression-57205cee56151e1c0a283a2a62cd4b6de0b4b6cf8705b7b73c384d1767aa8df9=4
PB7.Signal=USART1_RX
STMicroelectronics.X-CUBE-AI.5.2.0_SwParameter=XAaCUBEAaAICcArtificialOoIntelligenceJjCore\:true;ApplicationCcArtificialOoIntelligenceJjApplication\:Validation;
PA14\ (JTCK/SWCLK).Mode=Serial_Wire
RCC.PLLRCLKFreq_Value=120000000
PB6.Locked=true
NVIC.PendSV_IRQn=true\:0\:0\:false\:false\:true\:false\:false
STMicroelectronics.X-CUBE-AI.5.2.00.BSP.api=Unknown
STMicroelectronics.X-CUBE-AI.5.2.0.XAaCUBEAaAICcArtificialOoIntelligenceJjCore=true
ProjectManager.HalAssertFull=false
RCC.CRSFreq_Value=48000000
ProjectManager.ProjectName=project08
STMicroelectronics.X-CUBE-AI.5.2.00.BSP.instance=USART1
Mcu.Package=LQFP100
ProjectManager.ToolChainLocation=
RCC.LSI_VALUE=32000
VP_SYS_VS_Systick.Signal=SYS_VS_Systick
RCC.LSCOPinFreq_Value=32000
USART3.IPParameters=VirtualMode-Asynchronous
USB_OTG_FS.VirtualMode=Device_Only
RCC.DFSDMFreq_Value=120000000
RCC.PLLPoutputFreq_Value=120000000
RCC.APB1TimFreq_Value=120000000
STMicroelectronics.X-CUBE-AI.5.2.0.MaximumSizeOfInputLayer=AI_FACERECOGNITION_IN_1_SIZE_BYTES
NVIC.BusFault_IRQn=true\:0\:0\:false\:false\:true\:false\:false
PC4.Locked=true
RCC.LPUART1Freq_Value=120000000
PC5.Signal=USART3_RX
USB_OTG_FS.IPParameters=VirtualMode
PD6.Signal=USART2_RX
PD5.Locked=true
STMicroelectronics.X-CUBE-AI.5.2.0.ApplicationCcArtificialOoIntelligenceJjApplication=Validation
ProjectManager.CustomerFirmwarePackage=
STMicroelectronics.X-CUBE-AI.5.2.0.MaximumNumberOfOutputLayer=1
PC4.Mode=Asynchronous
RCC.HSI48_VALUE=48000000
STMicroelectronics.X-CUBE-AI.5.2.00.BSP.mode=Asynchronous
RCC.PLLSAI1N=24
RCC.MSI_VALUE=4000000
VP_USB_DEVICE_VS_USB_DEVICE_CUSTOM_HID_FS.Signal=USB_DEVICE_VS_USB_DEVICE_CUSTOM_HID_FS
RCC.PLLQoutputFreq_Value=120000000
STMicroelectronics.X-CUBE-AI.5.2.0.MaximumSizeOfOutputLayer=AI_FACERECOGNITION_OUT_1_SIZE_BYTES
ProjectManager.ProjectFileName=project08.ioc
VP_STMicroelectronics.X-CUBE-AI_VS_ArtificialOoIntelligenceJjXAaCUBEAaAI_5.2.0.Signal=STMicroelectronics.X-CUBE-AI_VS_ArtificialOoIntelligenceJjXAaCUBEAaAI_5.2.0
PA13\ (JTMS/SWDIO).Mode=Serial_Wire
Mcu.PinsNb=16
STMicroelectronics.X-CUBE-AI.5.2.0.ModelType-57205cee56151e1c0a283a2a62cd4b6de0b4b6cf8705b7b73c384d1767aa8df9=Saved model
ProjectManager.NoMain=false
USB_DEVICE.VirtualModeFS=Custom_Hid_FS
STMicroelectronics.X-CUBE-AI.5.2.0.ArtificialOoIntelligenceJjApplication_Checked=true
PC4.Signal=USART3_TX
ProjectManager.DefaultFWLocation=true
PD5.Signal=USART2_TX
ProjectManager.DeletePrevious=true
PB14.Locked=true
RCC.VCOSAI2OutputFreq_Value=32000000
PD6.Mode=Asynchronous
USB_DEVICE.IPParameters=VirtualMode,VirtualModeFS,CLASS_NAME_FS,PID_CUSTOMHID_FS
VP_STMicroelectronics.X-CUBE-AI_VS_ArtificialOoIntelligenceJjXAaCUBEAaAI_5.2.0.Mode=ArtificialOoIntelligenceJjXAaCUBEAaAI
RCC.FamilyName=M
USART1.VirtualMode-Asynchronous=VM_ASYNC
STMicroelectronics.X-CUBE-AI.5.2.0.ModelMacc-57205cee56151e1c0a283a2a62cd4b6de0b4b6cf8705b7b73c384d1767aa8df9=19261518
ProjectManager.TargetToolchain=STM32CubeIDE
STMicroelectronics.X-CUBE-AI.5.2.0.MaximumNumberOfInputLayer=1
VP_CRC_VS_CRC.Signal=CRC_VS_CRC
VP_STMicroelectronics.X-CUBE-AI_VS_ArtificialOoIntelligenceJjApplication_5.2.0.Signal=STMicroelectronics.X-CUBE-AI_VS_ArtificialOoIntelligenceJjApplication_5.2.0
STMicroelectronics.X-CUBE-AI.5.2.0.LatestDirectoryUsed-57205cee56151e1c0a283a2a62cd4b6de0b4b6cf8705b7b73c384d1767aa8df9=C\:\\Users\\s_dnjswldb98\\Downloads
ProjectManager.RegisterCallBack=
RCC.USBFreq_Value=48000000
RCC.LSE_VALUE=32768
RCC.PLLSAI1PoutputFreq_Value=48000000
RCC.PLLSAI2RoutputFreq_Value=16000000
PB14.Signal=GPIO_Output
STMicroelectronics.X-CUBE-AI.5.2.00.BSP.i2creg=
STMicroelectronics.X-CUBE-AI.5.2.0.ModelActualCompression-57205cee56151e1c0a283a2a62cd4b6de0b4b6cf8705b7b73c384d1767aa8df9=2.3646593
board=custom
RCC.VCOOutputFreq_Value=240000000
ProjectManager.LastFirmware=true
STMicroelectronics.X-CUBE-AI.5.2.00.BSP.STBoard=false
RCC.APB2Freq_Value=120000000
STMicroelectronics.X-CUBE-AI.5.2.00.BSP.i2caddr=0
RCC.UART4Freq_Value=120000000
STMicroelectronics.X-CUBE-AI.5.2.0.ActivationBufferSizeList=430088
MxCube.Version=6.1.0
STMicroelectronics.X-CUBE-AI.5.2.0.WorkingBufferStartAddrList=0xFFFFFFFF
RCC.I2C1Freq_Value=120000000
RCC.RNGFreq_Value=48000000
RCC.PLLSAI1QoutputFreq_Value=48000000
RCC.ADCFreq_Value=48000000
STMicroelectronics.X-CUBE-AI.5.2.0.ModelRamOccupation-57205cee56151e1c0a283a2a62cd4b6de0b4b6cf8705b7b73c384d1767aa8df9=430088
VP_SYS_VS_Systick.Mode=SysTick
NVIC.NonMaskableInt_IRQn=true\:0\:0\:false\:false\:true\:false\:false
RCC.UART5Freq_Value=120000000
ProjectManager.FreePins=false
RCC.IPParameters=ADCFreq_Value,AHBFreq_Value,APB1Freq_Value,APB1TimFreq_Value,APB2Freq_Value,APB2TimFreq_Value,CRSFreq_Value,CortexFreq_Value,DFSDMFreq_Value,FCLKCortexFreq_Value,FamilyName,HCLKFreq_Value,HSE_VALUE,HSI48_VALUE,HSI_VALUE,I2C1Freq_Value,I2C2Freq_Value,I2C3Freq_Value,I2C4Freq_Value,LCDTFTFreq_Value,LPTIM1Freq_Value,LPTIM2Freq_Value,LPUART1Freq_Value,LSCOPinFreq_Value,LSE_VALUE,LSI_VALUE,MCO1PinFreq_Value,MSI_VALUE,OCTOSPIMFreq_Value,PLLN,PLLPoutputFreq_Value,PLLQoutputFreq_Value,PLLRCLKFreq_Value,PLLSAI1N,PLLSAI1PoutputFreq_Value,PLLSAI1QoutputFreq_Value,PLLSAI1RoutputFreq_Value,PLLSAI2PoutputFreq_Value,PLLSAI2QoutputFreq_Value,PLLSAI2RoutputFreq_Value,PWRFreq_Value,RNGFreq_Value,SAI1Freq_Value,SAI2Freq_Value,SDMMCFreq_Value,SYSCLKFreq_VALUE,SYSCLKSource,UART4Freq_Value,UART5Freq_Value,USART1Freq_Value,USART2Freq_Value,USART3Freq_Value,USBFreq_Value,VCOInput2Freq_Value,VCOInput3Freq_Value,VCOInputFreq_Value,VCOOutputFreq_Value,VCOSAI1OutputFreq_Value,VCOSAI2OutputFreq_Value
ProjectManager.AskForMigrate=true
Mcu.Name=STM32L4S5VITx
RCC.LPTIM2Freq_Value=120000000
ProjectManager.UnderRoot=true
Mcu.IP8=USB_OTG_FS
Mcu.IP6=USART3
Mcu.IP7=USB_DEVICE
ProjectManager.CoupleFile=false
RCC.SYSCLKFreq_VALUE=120000000
STMicroelectronics.X-CUBE-AI.5.2.00.BSP.condition=\!SEMArtificialOoIntelligenceJjApplicationJjApplicationTemplate
PA12.Mode=Device_Only
STMicroelectronics.X-CUBE-AI.5.2.0.ModelName-57205cee56151e1c0a283a2a62cd4b6de0b4b6cf8705b7b73c384d1767aa8df9=facerecognition
STMicroelectronics.X-CUBE-AI.5.2.00.BSP.name=COM Port
NVIC.ForceEnableDMAVector=true
RCC.PLLSAI2PoutputFreq_Value=16000000
STMicroelectronics.X-CUBE-AI.5.2.0.IPParameters=XAaCUBEAaAICcArtificialOoIntelligenceJjCore,ApplicationCcArtificialOoIntelligenceJjApplication,ModelType-57205cee56151e1c0a283a2a62cd4b6de0b4b6cf8705b7b73c384d1767aa8df9,ModelKind-57205cee56151e1c0a283a2a62cd4b6de0b4b6cf8705b7b73c384d1767aa8df9,ModelActualCompression-57205cee56151e1c0a283a2a62cd4b6de0b4b6cf8705b7b73c384d1767aa8df9,ModelCompression-57205cee56151e1c0a283a2a62cd4b6de0b4b6cf8705b7b73c384d1767aa8df9,ModelRamOccupation-57205cee56151e1c0a283a2a62cd4b6de0b4b6cf8705b7b73c384d1767aa8df9,ModelFlashOccupation-57205cee56151e1c0a283a2a62cd4b6de0b4b6cf8705b7b73c384d1767aa8df9,ModelMacc-57205cee56151e1c0a283a2a62cd4b6de0b4b6cf8705b7b73c384d1767aa8df9,ModelHashList,ModelNameList,WorkingBufferStartAddrList,HeapSize,StackSize,ModelName-57205cee56151e1c0a283a2a62cd4b6de0b4b6cf8705b7b73c384d1767aa8df9,InternalRamActivationBufferMaxSize,ActivationBufferSizeList,MaximumNumberOfInputLayer,MaximumNumberOfOutputLayer,MaximumSizeOfInputLayer,MaximumSizeOfOutputLayer,LatestDirectoryUsed-57205cee56151e1c0a283a2a62cd4b6de0b4b6cf8705b7b73c384d1767aa8df9,ModelStructureFile-57205cee56151e1c0a283a2a62cd4b6de0b4b6cf8705b7b73c384d1767aa8df9,ValidationInputFileHistory-57205cee56151e1c0a283a2a62cd4b6de0b4b6cf8705b7b73c384d1767aa8df9,ValidationOutputFileHistory-57205cee56151e1c0a283a2a62cd4b6de0b4b6cf8705b7b73c384d1767aa8df9
KeepUserPlacement=false
NVIC.MemoryManagement_IRQn=true\:0\:0\:false\:false\:true\:false\:false
STMicroelectronics.X-CUBE-AI.5.2.0.ValidationOutputFileHistory-57205cee56151e1c0a283a2a62cd4b6de0b4b6cf8705b7b73c384d1767aa8df9=
ProjectManager.CompilerOptimize=6
PB7.Mode=Asynchronous
PA11.Signal=USB_OTG_FS_DM
ProjectManager.HeapSize=0xc00
Mcu.Pin15=VP_STMicroelectronics.X-CUBE-AI_VS_ArtificialOoIntelligenceJjApplication_5.2.0
NVIC.HardFault_IRQn=true\:0\:0\:false\:false\:true\:false\:false
STMicroelectronics.X-CUBE-AI.5.2.0.ValidationInputFileHistory-57205cee56151e1c0a283a2a62cd4b6de0b4b6cf8705b7b73c384d1767aa8df9=
Mcu.Pin13=VP_USB_DEVICE_VS_USB_DEVICE_CUSTOM_HID_FS
Mcu.Pin14=VP_STMicroelectronics.X-CUBE-AI_VS_ArtificialOoIntelligenceJjXAaCUBEAaAI_5.2.0
ProjectManager.ComputerToolchain=false
RCC.HSI_VALUE=16000000
NVIC.PriorityGroup=NVIC_PRIORITYGROUP_4
Mcu.Pin11=VP_CRC_VS_CRC
Mcu.Pin12=VP_SYS_VS_Systick
RCC.PLLN=60
Mcu.Pin10=PB7
PB7.Locked=true
STMicroelectronics.X-CUBE-AI.5.2.00.BSP.component=
RCC.PWRFreq_Value=120000000
STMicroelectronics.X-CUBE-AI.5.2.0.ModelFlashOccupation-57205cee56151e1c0a283a2a62cd4b6de0b4b6cf8705b7b73c384d1767aa8df9=41544
RCC.I2C2Freq_Value=120000000
RCC.VCOInput2Freq_Value=4000000
RCC.APB1Freq_Value=120000000
VP_CRC_VS_CRC.Mode=CRC_Activate
USB_DEVICE.VirtualMode=CustomHid
ProjectManager.DeviceId=STM32L4S5VITx
ProjectManager.LibraryCopy=1
PA13\ (JTMS/SWDIO).Signal=SYS_JTMS-SWDIO
STMicroelectronics.X-CUBE-AI.5.2.0.ModelStructureFile-57205cee56151e1c0a283a2a62cd4b6de0b4b6cf8705b7b73c384d1767aa8df9=C\:\\Users\\s_dnjswldb98\\Downloads\\faceRecognition.tflite
